
Microsoft Visual Studio Solution File, Format Version 12.00
# Visual Studio Version 16
VisualStudioVersion = 16.0.31624.102
MinimumVisualStudioVersion = 10.0.40219.1
Project("{FAE04EC0-301F-11D3-BF4B-00C04F79EFBC}") = "Chapter_9", "Chapter_9\Chapter_9.csproj", "{113156B0-010D-43CF-A48F-124913313E71}"
EndProject
Global
	GlobalSection(SolutionConfigurationPlatforms) = preSolution
		Debug|Any CPU = Debug|Any CPU
		Release|Any CPU = Release|Any CPU
	EndGlobalSection
	GlobalSection(ProjectConfigurationPlatforms) = postSolution
		{113156B0-010D-43CF-A48F-124913313E71}.Debug|Any CPU.ActiveCfg = Debug|Any CPU
		{113156B0-010D-43CF-A48F-124913313E71}.Debug|Any CPU.Build.0 = Debug|Any CPU
		{113156B0-010D-43CF-A48F-124913313E71}.Release|Any CPU.ActiveCfg = Release|Any CPU
		{113156B0-010D-43CF-A48F-124913313E71}.Release|Any CPU.Build.0 = Release|Any CPU
	EndGlobalSection
	GlobalSection(SolutionProperties) = preSolution
		HideSolutionNode = FALSE
	EndGlobalSection
	GlobalSection(ExtensibilityGlobals) = postSolution
		SolutionGuid = {B96D37F7-71F6-4BFB-891D-3A153BFB6F56}
	EndGlobalSection
EndGlobal
