
Microsoft Visual Studio Solution File, Format Version 12.00
# Visual Studio Version 16
VisualStudioVersion = 16.0.31624.102
MinimumVisualStudioVersion = 10.0.40219.1
Project("{FAE04EC0-301F-11D3-BF4B-00C04F79EFBC}") = "Chapter 20", "Chaper 20\Chapter 20.csproj", "{F40FB948-FCC1-4234-9950-E8F243FB0A5E}"
EndProject
Global
	GlobalSection(SolutionConfigurationPlatforms) = preSolution
		Debug|Any CPU = Debug|Any CPU
		Release|Any CPU = Release|Any CPU
	EndGlobalSection
	GlobalSection(ProjectConfigurationPlatforms) = postSolution
		{F40FB948-FCC1-4234-9950-E8F243FB0A5E}.Debug|Any CPU.ActiveCfg = Debug|Any CPU
		{F40FB948-FCC1-4234-9950-E8F243FB0A5E}.Debug|Any CPU.Build.0 = Debug|Any CPU
		{F40FB948-FCC1-4234-9950-E8F243FB0A5E}.Release|Any CPU.ActiveCfg = Release|Any CPU
		{F40FB948-FCC1-4234-9950-E8F243FB0A5E}.Release|Any CPU.Build.0 = Release|Any CPU
	EndGlobalSection
	GlobalSection(SolutionProperties) = preSolution
		HideSolutionNode = FALSE
	EndGlobalSection
	GlobalSection(ExtensibilityGlobals) = postSolution
		SolutionGuid = {22BF5E71-CA83-4E46-8991-6C2095BC9D78}
	EndGlobalSection
EndGlobal
